// !$*UTF8*$!
{
	archiveVersion = 1;
	classes = {
	};
	objectVersion = 55;
	objects = {

/* Begin PBXBuildFile section */
		FD4D4A2728D73B45001CE5CE /* AppDelegate.swift in Sources */ = {isa = PBXBuildFile; fileRef = FD4D4A2628D73B45001CE5CE /* AppDelegate.swift */; };
		FD4D4A2928D73B45001CE5CE /* SceneDelegate.swift in Sources */ = {isa = PBXBuildFile; fileRef = FD4D4A2828D73B45001CE5CE /* SceneDelegate.swift */; };
		FD4D4A2B28D73B45001CE5CE /* ViewController.swift in Sources */ = {isa = PBXBuildFile; fileRef = FD4D4A2A28D73B45001CE5CE /* ViewController.swift */; };
		FD4D4A2E28D73B45001CE5CE /* Main.storyboard in Resources */ = {isa = PBXBuildFile; fileRef = FD4D4A2C28D73B45001CE5CE /* Main.storyboard */; };
		FD4D4A3028D73B45001CE5CE /* Assets.xcassets in Resources */ = {isa = PBXBuildFile; fileRef = FD4D4A2F28D73B45001CE5CE /* Assets.xcassets */; };
		FD4D4A3328D73B45001CE5CE /* LaunchScreen.storyboard in Resources */ = {isa = PBXBuildFile; fileRef = FD4D4A3128D73B45001CE5CE /* LaunchScreen.storyboard */; };
		FD4D4A3B28D73C36001CE5CE /* UIView+Extension.swift in Sources */ = {isa = PBXBuildFile; fileRef = FD4D4A3A28D73C36001CE5CE /* UIView+Extension.swift */; };
		FDAA340528D7817600B9AF64 /* FileManagerViewController.swift in Sources */ = {isa = PBXBuildFile; fileRef = FDAA340428D7817600B9AF64 /* FileManagerViewController.swift */; };
		FDAA340728DA4B5700B9AF64 /* UIImage+Extention.swift in Sources */ = {isa = PBXBuildFile; fileRef = FDAA340628DA4B5700B9AF64 /* UIImage+Extention.swift */; };
		FDAA340928DCD12100B9AF64 /* LogInViewController.swift in Sources */ = {isa = PBXBuildFile; fileRef = FDAA340828DCD12100B9AF64 /* LogInViewController.swift */; };
		FDAA340B28DCF08C00B9AF64 /* KeyChain.swift in Sources */ = {isa = PBXBuildFile; fileRef = FDAA340A28DCF08C00B9AF64 /* KeyChain.swift */; };
		FDAA340D28DF834100B9AF64 /* AppErrors.swift in Sources */ = {isa = PBXBuildFile; fileRef = FDAA340C28DF834100B9AF64 /* AppErrors.swift */; };
		FDAA340F28E0726C00B9AF64 /* MainTabBarViewController.swift in Sources */ = {isa = PBXBuildFile; fileRef = FDAA340E28E0726C00B9AF64 /* MainTabBarViewController.swift */; };
		FDAA341128E0727B00B9AF64 /* SettingsViewController.swift in Sources */ = {isa = PBXBuildFile; fileRef = FDAA341028E0727B00B9AF64 /* SettingsViewController.swift */; };
		FDAA341328E3648500B9AF64 /* UserDefaultSettings.swift in Sources */ = {isa = PBXBuildFile; fileRef = FDAA341228E3648500B9AF64 /* UserDefaultSettings.swift */; };
/* End PBXBuildFile section */

/* Begin PBXFileReference section */
		FD4D4A2328D73B45001CE5CE /* FileManager.app */ = {isa = PBXFileReference; explicitFileType = wrapper.application; includeInIndex = 0; path = FileManager.app; sourceTree = BUILT_PRODUCTS_DIR; };
		FD4D4A2628D73B45001CE5CE /* AppDelegate.swift */ = {isa = PBXFileReference; lastKnownFileType = sourcecode.swift; path = AppDelegate.swift; sourceTree = "<group>"; };
		FD4D4A2828D73B45001CE5CE /* SceneDelegate.swift */ = {isa = PBXFileReference; lastKnownFileType = sourcecode.swift; path = SceneDelegate.swift; sourceTree = "<group>"; };
		FD4D4A2A28D73B45001CE5CE /* ViewController.swift */ = {isa = PBXFileReference; lastKnownFileType = sourcecode.swift; path = ViewController.swift; sourceTree = "<group>"; };
		FD4D4A2D28D73B45001CE5CE /* Base */ = {isa = PBXFileReference; lastKnownFileType = file.storyboard; name = Base; path = Base.lproj/Main.storyboard; sourceTree = "<group>"; };
		FD4D4A2F28D73B45001CE5CE /* Assets.xcassets */ = {isa = PBXFileReference; lastKnownFileType = folder.assetcatalog; path = Assets.xcassets; sourceTree = "<group>"; };
		FD4D4A3228D73B45001CE5CE /* Base */ = {isa = PBXFileReference; lastKnownFileType = file.storyboard; name = Base; path = Base.lproj/LaunchScreen.storyboard; sourceTree = "<group>"; };
		FD4D4A3428D73B45001CE5CE /* Info.plist */ = {isa = PBXFileReference; lastKnownFileType = text.plist.xml; path = Info.plist; sourceTree = "<group>"; };
		FD4D4A3A28D73C36001CE5CE /* UIView+Extension.swift */ = {isa = PBXFileReference; lastKnownFileType = sourcecode.swift; path = "UIView+Extension.swift"; sourceTree = "<group>"; };
		FDAA340428D7817600B9AF64 /* FileManagerViewController.swift */ = {isa = PBXFileReference; lastKnownFileType = sourcecode.swift; path = FileManagerViewController.swift; sourceTree = "<group>"; };
		FDAA340628DA4B5700B9AF64 /* UIImage+Extention.swift */ = {isa = PBXFileReference; lastKnownFileType = sourcecode.swift; path = "UIImage+Extention.swift"; sourceTree = "<group>"; };
		FDAA340828DCD12100B9AF64 /* LogInViewController.swift */ = {isa = PBXFileReference; lastKnownFileType = sourcecode.swift; path = LogInViewController.swift; sourceTree = "<group>"; };
		FDAA340A28DCF08C00B9AF64 /* KeyChain.swift */ = {isa = PBXFileReference; lastKnownFileType = sourcecode.swift; path = KeyChain.swift; sourceTree = "<group>"; };
		FDAA340C28DF834100B9AF64 /* AppErrors.swift */ = {isa = PBXFileReference; lastKnownFileType = sourcecode.swift; path = AppErrors.swift; sourceTree = "<group>"; };
		FDAA340E28E0726C00B9AF64 /* MainTabBarViewController.swift */ = {isa = PBXFileReference; lastKnownFileType = sourcecode.swift; path = MainTabBarViewController.swift; sourceTree = "<group>"; };
		FDAA341028E0727B00B9AF64 /* SettingsViewController.swift */ = {isa = PBXFileReference; lastKnownFileType = sourcecode.swift; path = SettingsViewController.swift; sourceTree = "<group>"; };
		FDAA341228E3648500B9AF64 /* UserDefaultSettings.swift */ = {isa = PBXFileReference; lastKnownFileType = sourcecode.swift; path = UserDefaultSettings.swift; sourceTree = "<group>"; };
/* End PBXFileReference section */

/* Begin PBXFrameworksBuildPhase section */
		FD4D4A2028D73B45001CE5CE /* Frameworks */ = {
			isa = PBXFrameworksBuildPhase;
			buildActionMask = 2147483647;
			files = (
			);
			runOnlyForDeploymentPostprocessing = 0;
		};
/* End PBXFrameworksBuildPhase section */

/* Begin PBXGroup section */
		FD4D4A1A28D73B45001CE5CE = {
			isa = PBXGroup;
			children = (
				FD4D4A2528D73B45001CE5CE /* FileManager */,
				FD4D4A2428D73B45001CE5CE /* Products */,
			);
			sourceTree = "<group>";
		};
		FD4D4A2428D73B45001CE5CE /* Products */ = {
			isa = PBXGroup;
			children = (
				FD4D4A2328D73B45001CE5CE /* FileManager.app */,
			);
			name = Products;
			sourceTree = "<group>";
		};
		FD4D4A2528D73B45001CE5CE /* FileManager */ = {
			isa = PBXGroup;
			children = (
				FD4D4A2628D73B45001CE5CE /* AppDelegate.swift */,
				FD4D4A2828D73B45001CE5CE /* SceneDelegate.swift */,
				FD4D4A2A28D73B45001CE5CE /* ViewController.swift */,
				FD4D4A2C28D73B45001CE5CE /* Main.storyboard */,
				FD4D4A2F28D73B45001CE5CE /* Assets.xcassets */,
				FD4D4A3128D73B45001CE5CE /* LaunchScreen.storyboard */,
				FD4D4A3428D73B45001CE5CE /* Info.plist */,
				FD4D4A3A28D73C36001CE5CE /* UIView+Extension.swift */,
				FDAA340428D7817600B9AF64 /* FileManagerViewController.swift */,
				FDAA340628DA4B5700B9AF64 /* UIImage+Extention.swift */,
				FDAA340828DCD12100B9AF64 /* LogInViewController.swift */,
				FDAA340A28DCF08C00B9AF64 /* KeyChain.swift */,
				FDAA340C28DF834100B9AF64 /* AppErrors.swift */,
				FDAA340E28E0726C00B9AF64 /* MainTabBarViewController.swift */,
				FDAA341028E0727B00B9AF64 /* SettingsViewController.swift */,
				FDAA341228E3648500B9AF64 /* UserDefaultSettings.swift */,
			);
			path = FileManager;
			sourceTree = "<group>";
		};
/* End PBXGroup section */

/* Begin PBXNativeTarget section */
		FD4D4A2228D73B45001CE5CE /* FileManager */ = {
			isa = PBXNativeTarget;
			buildConfigurationList = FD4D4A3728D73B45001CE5CE /* Build configuration list for PBXNativeTarget "FileManager" */;
			buildPhases = (
				FD4D4A1F28D73B45001CE5CE /* Sources */,
				FD4D4A2028D73B45001CE5CE /* Frameworks */,
				FD4D4A2128D73B45001CE5CE /* Resources */,
			);
			buildRules = (
			);
			dependencies = (
			);
			name = FileManager;
			productName = FileManager;
			productReference = FD4D4A2328D73B45001CE5CE /* FileManager.app */;
			productType = "com.apple.product-type.application";
		};
/* End PBXNativeTarget section */

/* Begin PBXProject section */
		FD4D4A1B28D73B45001CE5CE /* Project object */ = {
			isa = PBXProject;
			attributes = {
				BuildIndependentTargetsInParallel = 1;
				LastSwiftUpdateCheck = 1340;
				LastUpgradeCheck = 1340;
				TargetAttributes = {
					FD4D4A2228D73B45001CE5CE = {
						CreatedOnToolsVersion = 13.4.1;
					};
				};
			};
			buildConfigurationList = FD4D4A1E28D73B45001CE5CE /* Build configuration list for PBXProject "FileManager" */;
			compatibilityVersion = "Xcode 13.0";
			developmentRegion = en;
			hasScannedForEncodings = 0;
			knownRegions = (
				en,
				Base,
			);
			mainGroup = FD4D4A1A28D73B45001CE5CE;
			productRefGroup = FD4D4A2428D73B45001CE5CE /* Products */;
			projectDirPath = "";
			projectRoot = "";
			targets = (
				FD4D4A2228D73B45001CE5CE /* FileManager */,
			);
		};
/* End PBXProject section */

/* Begin PBXResourcesBuildPhase section */
		FD4D4A2128D73B45001CE5CE /* Resources */ = {
			isa = PBXResourcesBuildPhase;
			buildActionMask = 2147483647;
			files = (
				FD4D4A3328D73B45001CE5CE /* LaunchScreen.storyboard in Resources */,
				FD4D4A3028D73B45001CE5CE /* Assets.xcassets in Resources */,
				FD4D4A2E28D73B45001CE5CE /* Main.storyboard in Resources */,
			);
			runOnlyForDeploymentPostprocessing = 0;
		};
/* End PBXResourcesBuildPhase section */

/* Begin PBXSourcesBuildPhase section */
		FD4D4A1F28D73B45001CE5CE /* Sources */ = {
			isa = PBXSourcesBuildPhase;
			buildActionMask = 2147483647;
			files = (
				FDAA340728DA4B5700B9AF64 /* UIImage+Extention.swift in Sources */,
				FDAA340528D7817600B9AF64 /* FileManagerViewController.swift in Sources */,
				FDAA341128E0727B00B9AF64 /* SettingsViewController.swift in Sources */,
				FD4D4A2B28D73B45001CE5CE /* ViewController.swift in Sources */,
				FDAA340D28DF834100B9AF64 /* AppErrors.swift in Sources */,
				FDAA340928DCD12100B9AF64 /* LogInViewController.swift in Sources */,
				FDAA340F28E0726C00B9AF64 /* MainTabBarViewController.swift in Sources */,
				FD4D4A2728D73B45001CE5CE /* AppDelegate.swift in Sources */,
				FDAA341328E3648500B9AF64 /* UserDefaultSettings.swift in Sources */,
				FDAA340B28DCF08C00B9AF64 /* KeyChain.swift in Sources */,
				FD4D4A3B28D73C36001CE5CE /* UIView+Extension.swift in Sources */,
				FD4D4A2928D73B45001CE5CE /* SceneDelegate.swift in Sources */,
			);
			runOnlyForDeploymentPostprocessing = 0;
		};
/* End PBXSourcesBuildPhase section */

/* Begin PBXVariantGroup section */
		FD4D4A2C28D73B45001CE5CE /* Main.storyboard */ = {
			isa = PBXVariantGroup;
			children = (
				FD4D4A2D28D73B45001CE5CE /* Base */,
			);
			name = Main.storyboard;
			sourceTree = "<group>";
		};
		FD4D4A3128D73B45001CE5CE /* LaunchScreen.storyboard */ = {
			isa = PBXVariantGroup;
			children = (
				FD4D4A3228D73B45001CE5CE /* Base */,
			);
			name = LaunchScreen.storyboard;
			sourceTree = "<group>";
		};
/* End PBXVariantGroup section */

/* Begin XCBuildConfiguration section */
		FD4D4A3528D73B45001CE5CE /* Debug */ = {
			isa = XCBuildConfiguration;
			buildSettings = {
				ALWAYS_SEARCH_USER_PATHS = NO;
				CLANG_ANALYZER_NONNULL = YES;
				CLANG_ANALYZER_NUMBER_OBJECT_CONVERSION = YES_AGGRESSIVE;
				CLANG_CXX_LANGUAGE_STANDARD = "gnu++17";
				CLANG_ENABLE_MODULES = YES;
				CLANG_ENABLE_OBJC_ARC = YES;
				CLANG_ENABLE_OBJC_WEAK = YES;
				CLANG_WARN_BLOCK_CAPTURE_AUTORELEASING = YES;
				CLANG_WARN_BOOL_CONVERSION = YES;
				CLANG_WARN_COMMA = YES;
				CLANG_WARN_CONSTANT_CONVERSION = YES;
				CLANG_WARN_DEPRECATED_OBJC_IMPLEMENTATIONS = YES;
				CLANG_WARN_DIRECT_OBJC_ISA_USAGE = YES_ERROR;
				CLANG_WARN_DOCUMENTATION_COMMENTS = YES;
				CLANG_WARN_EMPTY_BODY = YES;
				CLANG_WARN_ENUM_CONVERSION = YES;
				CLANG_WARN_INFINITE_RECURSION = YES;
				CLANG_WARN_INT_CONVERSION = YES;
				CLANG_WARN_NON_LITERAL_NULL_CONVERSION = YES;
				CLANG_WARN_OBJC_IMPLICIT_RETAIN_SELF = YES;
				CLANG_WARN_OBJC_LITERAL_CONVERSION = YES;
				CLANG_WARN_OBJC_ROOT_CLASS = YES_ERROR;
				CLANG_WARN_QUOTED_INCLUDE_IN_FRAMEWORK_HEADER = YES;
				CLANG_WARN_RANGE_LOOP_ANALYSIS = YES;
				CLANG_WARN_STRICT_PROTOTYPES = YES;
				CLANG_WARN_SUSPICIOUS_MOVE = YES;
				CLANG_WARN_UNGUARDED_AVAILABILITY = YES_AGGRESSIVE;
				CLANG_WARN_UNREACHABLE_CODE = YES;
				CLANG_WARN__DUPLICATE_METHOD_MATCH = YES;
				COPY_PHASE_STRIP = NO;
				DEBUG_INFORMATION_FORMAT = dwarf;
				ENABLE_STRICT_OBJC_MSGSEND = YES;
				ENABLE_TESTABILITY = YES;
				GCC_C_LANGUAGE_STANDARD = gnu11;
				GCC_DYNAMIC_NO_PIC = NO;
				GCC_NO_COMMON_BLOCKS = YES;
				GCC_OPTIMIZATION_LEVEL = 0;
				GCC_PREPROCESSOR_DEFINITIONS = (
					"DEBUG=1",
					"$(inherited)",
				);
				GCC_WARN_64_TO_32_BIT_CONVERSION = YES;
				GCC_WARN_ABOUT_RETURN_TYPE = YES_ERROR;
				GCC_WARN_UNDECLARED_SELECTOR = YES;
				GCC_WARN_UNINITIALIZED_AUTOS = YES_AGGRESSIVE;
				GCC_WARN_UNUSED_FUNCTION = YES;
				GCC_WARN_UNUSED_VARIABLE = YES;
				IPHONEOS_DEPLOYMENT_TARGET = 14.0;
				MTL_ENABLE_DEBUG_INFO = INCLUDE_SOURCE;
				MTL_FAST_MATH = YES;
				ONLY_ACTIVE_ARCH = YES;
				SDKROOT = iphoneos;
				SWIFT_ACTIVE_COMPILATION_CONDITIONS = DEBUG;
				SWIFT_OPTIMIZATION_LEVEL = "-Onone";
			};
			name = Debug;
		};
		FD4D4A3628D73B45001CE5CE /* Release */ = {
			isa = XCBuildConfiguration;
			buildSettings = {
				ALWAYS_SEARCH_USER_PATHS = NO;
				CLANG_ANALYZER_NONNULL = YES;
				CLANG_ANALYZER_NUMBER_OBJECT_CONVERSION = YES_AGGRESSIVE;
				CLANG_CXX_LANGUAGE_STANDARD = "gnu++17";
				CLANG_ENABLE_MODULES = YES;
				CLANG_ENABLE_OBJC_ARC = YES;
				CLANG_ENABLE_OBJC_WEAK = YES;
				CLANG_WARN_BLOCK_CAPTURE_AUTORELEASING = YES;
				CLANG_WARN_BOOL_CONVERSION = YES;
				CLANG_WARN_COMMA = YES;
				CLANG_WARN_CONSTANT_CONVERSION = YES;
				CLANG_WARN_DEPRECATED_OBJC_IMPLEMENTATIONS = YES;
				CLANG_WARN_DIRECT_OBJC_ISA_USAGE = YES_ERROR;
				CLANG_WARN_DOCUMENTATION_COMMENTS = YES;
				CLANG_WARN_EMPTY_BODY = YES;
				CLANG_WARN_ENUM_CONVERSION = YES;
				CLANG_WARN_INFINITE_RECURSION = YES;
				CLANG_WARN_INT_CONVERSION = YES;
				CLANG_WARN_NON_LITERAL_NULL_CONVERSION = YES;
				CLANG_WARN_OBJC_IMPLICIT_RETAIN_SELF = YES;
				CLANG_WARN_OBJC_LITERAL_CONVERSION = YES;
				CLANG_WARN_OBJC_ROOT_CLASS = YES_ERROR;
				CLANG_WARN_QUOTED_INCLUDE_IN_FRAMEWORK_HEADER = YES;
				CLANG_WARN_RANGE_LOOP_ANALYSIS = YES;
				CLANG_WARN_STRICT_PROTOTYPES = YES;
				CLANG_WARN_SUSPICIOUS_MOVE = YES;
				CLANG_WARN_UNGUARDED_AVAILABILITY = YES_AGGRESSIVE;
				CLANG_WARN_UNREACHABLE_CODE = YES;
				CLANG_WARN__DUPLICATE_METHOD_MATCH = YES;
				COPY_PHASE_STRIP = NO;
				DEBUG_INFORMATION_FORMAT = "dwarf-with-dsym";
				ENABLE_NS_ASSERTIONS = NO;
				ENABLE_STRICT_OBJC_MSGSEND = YES;
				GCC_C_LANGUAGE_STANDARD = gnu11;
				GCC_NO_COMMON_BLOCKS = YES;
				GCC_WARN_64_TO_32_BIT_CONVERSION = YES;
				GCC_WARN_ABOUT_RETURN_TYPE = YES_ERROR;
				GCC_WARN_UNDECLARED_SELECTOR = YES;
				GCC_WARN_UNINITIALIZED_AUTOS = YES_AGGRESSIVE;
				GCC_WARN_UNUSED_FUNCTION = YES;
				GCC_WARN_UNUSED_VARIABLE = YES;
				IPHONEOS_DEPLOYMENT_TARGET = 14.0;
				MTL_ENABLE_DEBUG_INFO = NO;
				MTL_FAST_MATH = YES;
				SDKROOT = iphoneos;
				SWIFT_COMPILATION_MODE = wholemodule;
				SWIFT_OPTIMIZATION_LEVEL = "-O";
				VALIDATE_PRODUCT = YES;
			};
			name = Release;
		};
		FD4D4A3828D73B45001CE5CE /* Debug */ = {
			isa = XCBuildConfiguration;
			buildSettings = {
				ASSETCATALOG_COMPILER_APPICON_NAME = AppIcon;
				ASSETCATALOG_COMPILER_GLOBAL_ACCENT_COLOR_NAME = AccentColor;
				CODE_SIGN_STYLE = Automatic;
				CURRENT_PROJECT_VERSION = 1;
				GENERATE_INFOPLIST_FILE = YES;
				INFOPLIST_FILE = FileManager/Info.plist;
				INFOPLIST_KEY_UIApplicationSupportsIndirectInputEvents = YES;
				INFOPLIST_KEY_UILaunchStoryboardName = LaunchScreen;
				INFOPLIST_KEY_UISupportedInterfaceOrientations = UIInterfaceOrientationPortrait;
				INFOPLIST_KEY_UISupportedInterfaceOrientations_iPad = "UIInterfaceOrientationPortrait UIInterfaceOrientationPortraitUpsideDown UIInterfaceOrientationLandscapeLeft UIInterfaceOrientationLandscapeRight";
				INFOPLIST_KEY_UISupportedInterfaceOrientations_iPhone = "UIInterfaceOrientationPortrait UIInterfaceOrientationLandscapeLeft UIInterfaceOrientationLandscapeRight";
				LD_RUNPATH_SEARCH_PATHS = (
					"$(inherited)",
					"@executable_path/Frameworks",
				);
				MARKETING_VERSION = 1.0;
				PRODUCT_BUNDLE_IDENTIFIER = niyaz.FileManager;
				PRODUCT_NAME = "$(TARGET_NAME)";
				SWIFT_EMIT_LOC_STRINGS = YES;
				SWIFT_VERSION = 5.0;
				TARGETED_DEVICE_FAMILY = "1,2";
			};
			name = Debug;
		};
		FD4D4A3928D73B45001CE5CE /* Release */ = {
			isa = XCBuildConfiguration;
			buildSettings = {
				ASSETCATALOG_COMPILER_APPICON_NAME = AppIcon;
				ASSETCATALOG_COMPILER_GLOBAL_ACCENT_COLOR_NAME = AccentColor;
				CODE_SIGN_STYLE = Automatic;
				CURRENT_PROJECT_VERSION = 1;
				GENERATE_INFOPLIST_FILE = YES;
				INFOPLIST_FILE = FileManager/Info.plist;
				INFOPLIST_KEY_UIApplicationSupportsIndirectInputEvents = YES;
				INFOPLIST_KEY_UILaunchStoryboardName = LaunchScreen;
				INFOPLIST_KEY_UISupportedInterfaceOrientations = UIInterfaceOrientationPortrait;
				INFOPLIST_KEY_UISupportedInterfaceOrientations_iPad = "UIInterfaceOrientationPortrait UIInterfaceOrientationPortraitUpsideDown UIInterfaceOrientationLandscapeLeft UIInterfaceOrientationLandscapeRight";
				INFOPLIST_KEY_UISupportedInterfaceOrientations_iPhone = "UIInterfaceOrientationPortrait UIInterfaceOrientationLandscapeLeft UIInterfaceOrientationLandscapeRight";
				LD_RUNPATH_SEARCH_PATHS = (
					"$(inherited)",
					"@executable_path/Frameworks",
				);
				MARKETING_VERSION = 1.0;
				PRODUCT_BUNDLE_IDENTIFIER = niyaz.FileManager;
				PRODUCT_NAME = "$(TARGET_NAME)";
				SWIFT_EMIT_LOC_STRINGS = YES;
				SWIFT_VERSION = 5.0;
				TARGETED_DEVICE_FAMILY = "1,2";
			};
			name = Release;
		};
/* End XCBuildConfiguration section */

/* Begin XCConfigurationList section */
		FD4D4A1E28D73B45001CE5CE /* Build configuration list for PBXProject "FileManager" */ = {
			isa = XCConfigurationList;
			buildConfigurations = (
				FD4D4A3528D73B45001CE5CE /* Debug */,
				FD4D4A3628D73B45001CE5CE /* Release */,
			);
			defaultConfigurationIsVisible = 0;
			defaultConfigurationName = Release;
		};
		FD4D4A3728D73B45001CE5CE /* Build configuration list for PBXNativeTarget "FileManager" */ = {
			isa = XCConfigurationList;
			buildConfigurations = (
				FD4D4A3828D73B45001CE5CE /* Debug */,
				FD4D4A3928D73B45001CE5CE /* Release */,
			);
			defaultConfigurationIsVisible = 0;
			defaultConfigurationName = Release;
		};
/* End XCConfigurationList section */
	};
	rootObject = FD4D4A1B28D73B45001CE5CE /* Project object */;
}
